
Microsoft Visual Studio Solution File, Format Version 12.00
# Visual Studio Version 17
VisualStudioVersion = 17.11.35312.102
MinimumVisualStudioVersion = 10.0.40219.1
Project("{FAE04EC0-301F-11D3-BF4B-00C04F79EFBC}") = "ToolStripContainer", "ToolStripContainer.csproj", "{C30F2437-707D-4634-849B-3A602E0B7F12}"
EndProject
Global
	GlobalSection(SolutionConfigurationPlatforms) = preSolution
		Debug|Any CPU = Debug|Any CPU
		Release|Any CPU = Release|Any CPU
	EndGlobalSection
	GlobalSection(ProjectConfigurationPlatforms) = postSolution
		{C30F2437-707D-4634-849B-3A602E0B7F12}.Debug|Any CPU.ActiveCfg = Debug|Any CPU
		{C30F2437-707D-4634-849B-3A602E0B7F12}.Debug|Any CPU.Build.0 = Debug|Any CPU
		{C30F2437-707D-4634-849B-3A602E0B7F12}.Release|Any CPU.ActiveCfg = Release|Any CPU
		{C30F2437-707D-4634-849B-3A602E0B7F12}.Release|Any CPU.Build.0 = Release|Any CPU
	EndGlobalSection
	GlobalSection(SolutionProperties) = preSolution
		HideSolutionNode = FALSE
	EndGlobalSection
	GlobalSection(ExtensibilityGlobals) = postSolution
		SolutionGuid = {3B488446-5060-4411-8418-B60D83AB4415}
	EndGlobalSection
EndGlobal
